
Microsoft Visual Studio Solution File, Format Version 12.00
# Visual Studio Version 17
VisualStudioVersion = 17.0.31903.59
MinimumVisualStudioVersion = 10.0.40219.1
Project("{2150E333-8FDC-42A3-9474-1A3956D46DE8}") = "src", "src", "{827E0CD3-B72D-47B6-A68D-7590B98EB39B}"
EndProject
Project("{FAE04EC0-301F-11D3-BF4B-00C04F79EFBC}") = "BudgetBuddy.Domain", "src\BudgetBuddy.Domain\BudgetBuddy.Domain.csproj", "{FA461C14-4CA4-424D-85BA-26652DF54AD8}"
EndProject
Project("{FAE04EC0-301F-11D3-BF4B-00C04F79EFBC}") = "BudgetBuddy.Infrastructure", "src\BudgetBuddy.Infrastructure\BudgetBuddy.Infrastructure.csproj", "{861A2C03-7FAC-4B9D-B5A1-7BB41B7C5F1E}"
EndProject
Project("{FAE04EC0-301F-11D3-BF4B-00C04F79EFBC}") = "BudgetBuddy.App", "src\BudgetBuddy.App\BudgetBuddy.App.csproj", "{4F175134-0005-4D56-9228-CEBF252EA197}"
EndProject
Project("{2150E333-8FDC-42A3-9474-1A3956D46DE8}") = "tests", "tests", "{0AB3BF05-4346-4AA6-1389-037BE0695223}"
EndProject
Project("{FAE04EC0-301F-11D3-BF4B-00C04F79EFBC}") = "BudgetBuddy.Tests", "tests\BudgetBuddy.Tests\BudgetBuddy.Tests.csproj", "{36AEF86C-A6D3-4627-8CA3-322B64140F45}"
EndProject
Global
	GlobalSection(SolutionConfigurationPlatforms) = preSolution
		Debug|Any CPU = Debug|Any CPU
		Debug|x64 = Debug|x64
		Debug|x86 = Debug|x86
		Release|Any CPU = Release|Any CPU
		Release|x64 = Release|x64
		Release|x86 = Release|x86
	EndGlobalSection
	GlobalSection(ProjectConfigurationPlatforms) = postSolution
		{FA461C14-4CA4-424D-85BA-26652DF54AD8}.Debug|Any CPU.ActiveCfg = Debug|Any CPU
		{FA461C14-4CA4-424D-85BA-26652DF54AD8}.Debug|Any CPU.Build.0 = Debug|Any CPU
		{FA461C14-4CA4-424D-85BA-26652DF54AD8}.Debug|x64.ActiveCfg = Debug|Any CPU
		{FA461C14-4CA4-424D-85BA-26652DF54AD8}.Debug|x64.Build.0 = Debug|Any CPU
		{FA461C14-4CA4-424D-85BA-26652DF54AD8}.Debug|x86.ActiveCfg = Debug|Any CPU
		{FA461C14-4CA4-424D-85BA-26652DF54AD8}.Debug|x86.Build.0 = Debug|Any CPU
		{FA461C14-4CA4-424D-85BA-26652DF54AD8}.Release|Any CPU.ActiveCfg = Release|Any CPU
		{FA461C14-4CA4-424D-85BA-26652DF54AD8}.Release|Any CPU.Build.0 = Release|Any CPU
		{FA461C14-4CA4-424D-85BA-26652DF54AD8}.Release|x64.ActiveCfg = Release|Any CPU
		{FA461C14-4CA4-424D-85BA-26652DF54AD8}.Release|x64.Build.0 = Release|Any CPU
		{FA461C14-4CA4-424D-85BA-26652DF54AD8}.Release|x86.ActiveCfg = Release|Any CPU
		{FA461C14-4CA4-424D-85BA-26652DF54AD8}.Release|x86.Build.0 = Release|Any CPU
		{861A2C03-7FAC-4B9D-B5A1-7BB41B7C5F1E}.Debug|Any CPU.ActiveCfg = Debug|Any CPU
		{861A2C03-7FAC-4B9D-B5A1-7BB41B7C5F1E}.Debug|Any CPU.Build.0 = Debug|Any CPU
		{861A2C03-7FAC-4B9D-B5A1-7BB41B7C5F1E}.Debug|x64.ActiveCfg = Debug|Any CPU
		{861A2C03-7FAC-4B9D-B5A1-7BB41B7C5F1E}.Debug|x64.Build.0 = Debug|Any CPU
		{861A2C03-7FAC-4B9D-B5A1-7BB41B7C5F1E}.Debug|x86.ActiveCfg = Debug|Any CPU
		{861A2C03-7FAC-4B9D-B5A1-7BB41B7C5F1E}.Debug|x86.Build.0 = Debug|Any CPU
		{861A2C03-7FAC-4B9D-B5A1-7BB41B7C5F1E}.Release|Any CPU.ActiveCfg = Release|Any CPU
		{861A2C03-7FAC-4B9D-B5A1-7BB41B7C5F1E}.Release|Any CPU.Build.0 = Release|Any CPU
		{861A2C03-7FAC-4B9D-B5A1-7BB41B7C5F1E}.Release|x64.ActiveCfg = Release|Any CPU
		{861A2C03-7FAC-4B9D-B5A1-7BB41B7C5F1E}.Release|x64.Build.0 = Release|Any CPU
		{861A2C03-7FAC-4B9D-B5A1-7BB41B7C5F1E}.Release|x86.ActiveCfg = Release|Any CPU
		{861A2C03-7FAC-4B9D-B5A1-7BB41B7C5F1E}.Release|x86.Build.0 = Release|Any CPU
		{4F175134-0005-4D56-9228-CEBF252EA197}.Debug|Any CPU.ActiveCfg = Debug|Any CPU
		{4F175134-0005-4D56-9228-CEBF252EA197}.Debug|Any CPU.Build.0 = Debug|Any CPU
		{4F175134-0005-4D56-9228-CEBF252EA197}.Debug|x64.ActiveCfg = Debug|Any CPU
		{4F175134-0005-4D56-9228-CEBF252EA197}.Debug|x64.Build.0 = Debug|Any CPU
		{4F175134-0005-4D56-9228-CEBF252EA197}.Debug|x86.ActiveCfg = Debug|Any CPU
		{4F175134-0005-4D56-9228-CEBF252EA197}.Debug|x86.Build.0 = Debug|Any CPU
		{4F175134-0005-4D56-9228-CEBF252EA197}.Release|Any CPU.ActiveCfg = Release|Any CPU
		{4F175134-0005-4D56-9228-CEBF252EA197}.Release|Any CPU.Build.0 = Release|Any CPU
		{4F175134-0005-4D56-9228-CEBF252EA197}.Release|x64.ActiveCfg = Release|Any CPU
		{4F175134-0005-4D56-9228-CEBF252EA197}.Release|x64.Build.0 = Release|Any CPU
		{4F175134-0005-4D56-9228-CEBF252EA197}.Release|x86.ActiveCfg = Release|Any CPU
		{4F175134-0005-4D56-9228-CEBF252EA197}.Release|x86.Build.0 = Release|Any CPU
		{36AEF86C-A6D3-4627-8CA3-322B64140F45}.Debug|Any CPU.ActiveCfg = Debug|Any CPU
		{36AEF86C-A6D3-4627-8CA3-322B64140F45}.Debug|Any CPU.Build.0 = Debug|Any CPU
		{36AEF86C-A6D3-4627-8CA3-322B64140F45}.Debug|x64.ActiveCfg = Debug|Any CPU
		{36AEF86C-A6D3-4627-8CA3-322B64140F45}.Debug|x64.Build.0 = Debug|Any CPU
		{36AEF86C-A6D3-4627-8CA3-322B64140F45}.Debug|x86.ActiveCfg = Debug|Any CPU
		{36AEF86C-A6D3-4627-8CA3-322B64140F45}.Debug|x86.Build.0 = Debug|Any CPU
		{36AEF86C-A6D3-4627-8CA3-322B64140F45}.Release|Any CPU.ActiveCfg = Release|Any CPU
		{36AEF86C-A6D3-4627-8CA3-322B64140F45}.Release|Any CPU.Build.0 = Release|Any CPU
		{36AEF86C-A6D3-4627-8CA3-322B64140F45}.Release|x64.ActiveCfg = Release|Any CPU
		{36AEF86C-A6D3-4627-8CA3-322B64140F45}.Release|x64.Build.0 = Release|Any CPU
		{36AEF86C-A6D3-4627-8CA3-322B64140F45}.Release|x86.ActiveCfg = Release|Any CPU
		{36AEF86C-A6D3-4627-8CA3-322B64140F45}.Release|x86.Build.0 = Release|Any CPU
	EndGlobalSection
	GlobalSection(SolutionProperties) = preSolution
		HideSolutionNode = FALSE
	EndGlobalSection
	GlobalSection(NestedProjects) = preSolution
		{FA461C14-4CA4-424D-85BA-26652DF54AD8} = {827E0CD3-B72D-47B6-A68D-7590B98EB39B}
		{861A2C03-7FAC-4B9D-B5A1-7BB41B7C5F1E} = {827E0CD3-B72D-47B6-A68D-7590B98EB39B}
		{4F175134-0005-4D56-9228-CEBF252EA197} = {827E0CD3-B72D-47B6-A68D-7590B98EB39B}
		{36AEF86C-A6D3-4627-8CA3-322B64140F45} = {0AB3BF05-4346-4AA6-1389-037BE0695223}
	EndGlobalSection
EndGlobal
